# This file is automatically @generated by Cargo.
# It is not intended for manual editing.
version = 4

[[package]]
name = "approx"
version = "0.5.1"
source = "registry+https://github.com/rust-lang/crates.io-index"
checksum = "cab112f0a86d568ea0e627cc1d6be74a1e9cd55214684db5561995f6dad897c6"
dependencies = [
 "num-traits",
]

[[package]]
name = "autocfg"
version = "1.5.1"
source = "registry+https://github.com/rust-lang/crates.io-index"
checksum = "f2032f911046de80f0a198e0901378627c33f59ea0ac00e363d481118bd70a53"

[[package]]
name = "certification"
version = "0.2.0"

[[package]]
name = "docs"
version = "0.2.0"

[[package]]
name = "libm"
version = "0.2.16"
source = "registry+https://github.com/rust-lang/crates.io-index"
checksum = "b6d2cec3eae94f9f509c767b45932f1ada8350c4bdb85af2fcab4a3c14807981"

[[package]]
name = "nalgebra"
version = "0.33.3"
source = "registry+https://github.com/rust-lang/crates.io-index"
checksum = "9d43ddcacf343185dfd6de2ee786d9e8b1c2301622afab66b6c73baf9882abfd"
dependencies = [
 "approx",
 "num-complex",
 "num-rational",
 "num-traits",
 "simba",
 "typenum",
]

[[package]]
name = "num-complex"
version = "0.4.6"
source = "registry+https://github.com/rust-lang/crates.io-index"
checksum = "73f88a1307638156682bada9d7604135552957b7818057dcef22705b4d509495"
dependencies = [
 "num-traits",
]

[[package]]
name = "num-integer"
version = "0.1.46"
source = "registry+https://github.com/rust-lang/crates.io-index"
checksum = "7969661fd2958a5cb096e56c8e1ad0444ac2bbcd0061bd28660485a44879858f"
dependencies = [
 "num-traits",
]

[[package]]
name = "num-rational"
version = "0.4.2"
source = "registry+https://github.com/rust-lang/crates.io-index"
checksum = "f83d14da390562dca69fc84082e73e548e1ad308d24accdedd2720017cb37824"
dependencies = [
 "num-integer",
 "num-traits",
]

[[package]]
name = "num-traits"
version = "0.2.19"
source = "registry+https://github.com/rust-lang/crates.io-index"
checksum = "071dfc062690e90b734c0b2273ce72ad0ffa95f0c74596bc250dcfd960262841"
dependencies = [
 "autocfg",
 "libm",
]

[[package]]
name = "paste"
version = "1.0.15"
source = "registry+https://github.com/rust-lang/crates.io-index"
checksum = "57c0d7b74b563b49d38dae00a0c37d4d6de9b432382b2892f0574ddcae73fd0a"

[[package]]
name = "reference-hardware"
version = "0.2.0"

[[package]]
name = "simba"
version = "0.9.1"
source = "registry+https://github.com/rust-lang/crates.io-index"
checksum = "c99284beb21666094ba2b75bbceda012e610f5479dfcc2d6e2426f53197ffd95"
dependencies = [
 "approx",
 "num-complex",
 "num-traits",
 "paste",
]

[[package]]
name = "tpt-abstractions"
version = "0.2.0"
dependencies = [
 "tpt-math",
]

[[package]]
name = "tpt-backend-bare-metal"
version = "0.2.0"
dependencies = [
 "tpt-abstractions",
 "tpt-core",
 "tpt-math",
 "tpt-mixer",
 "tpt-sensor-fusion",
]

[[package]]
name = "tpt-backend-freertos"
version = "0.2.0"
dependencies = [
 "tpt-abstractions",
 "tpt-core",
]

[[package]]
name = "tpt-backend-pikeos"
version = "0.2.0"
dependencies = [
 "tpt-abstractions",
 "tpt-core",
]

[[package]]
name = "tpt-backend-sel4"
version = "0.2.0"
dependencies = [
 "tpt-abstractions",
 "tpt-core",
]

[[package]]
name = "tpt-backend-zephyr"
version = "0.2.0"
dependencies = [
 "tpt-abstractions",
 "tpt-core",
]

[[package]]
name = "tpt-core"
version = "0.2.0"
dependencies = [
 "libm",
 "tpt-abstractions",
 "tpt-mapping",
 "tpt-math",
]

[[package]]
name = "tpt-gcs"
version = "0.2.0"
dependencies = [
 "tpt-math",
 "tpt-protocols",
]

[[package]]
name = "tpt-mapping"
version = "0.2.0"
dependencies = [
 "tpt-abstractions",
 "tpt-math",
]

[[package]]
name = "tpt-math"
version = "0.2.0"
dependencies = [
 "nalgebra",
]

[[package]]
name = "tpt-mixer"
version = "0.2.0"
dependencies = [
 "tpt-math",
]

[[package]]
name = "tpt-protocols"
version = "0.2.0"
dependencies = [
 "tpt-abstractions",
 "tpt-math",
]

[[package]]
name = "tpt-sensor-fusion"
version = "0.2.0"
dependencies = [
 "libm",
 "tpt-abstractions",
 "tpt-math",
]

[[package]]
name = "tpt-sim"
version = "0.2.0"
dependencies = [
 "tpt-abstractions",
 "tpt-core",
 "tpt-math",
 "tpt-mixer",
 "tpt-sensor-fusion",
]

[[package]]
name = "tpt-sovereign-toolchain"
version = "0.2.0"

[[package]]
name = "typenum"
version = "1.20.1"
source = "registry+https://github.com/rust-lang/crates.io-index"
checksum = "b6f5e870be6c3b371b77fe0ee0bafb859fa4964b4404c27de1d380043c4dda20"
